#MicroXplorer Configuration settings - do not modify
File.Version=6
I2C3.IPParameters=OwnAddress2Masks
I2C3.OwnAddress2Masks=I2C_OA2_NOMASK
KeepUserPlacement=false
Mcu.Family=STM32F7
Mcu.IP0=CORTEX_M7
Mcu.IP1=I2C3
Mcu.IP2=NVIC
Mcu.IP3=RCC
Mcu.IP4=SYS
Mcu.IP5=TIM3
Mcu.IP6=TIM4
Mcu.IP7=USART2
Mcu.IP8=USART6
Mcu.IPNb=9
Mcu.Name=STM32F746Z(E-G)Tx
Mcu.Package=LQFP144
Mcu.Pin0=PC2
Mcu.Pin1=PC3
Mcu.Pin10=PD5
Mcu.Pin11=PD6
Mcu.Pin12=PD7
Mcu.Pin13=VP_SYS_VS_Systick
Mcu.Pin14=VP_TIM3_VS_ClockSourceINT
Mcu.Pin15=VP_TIM4_VS_ClockSourceINT
Mcu.Pin2=PA2
Mcu.Pin3=PA3
Mcu.Pin4=PA6
Mcu.Pin5=PA7
Mcu.Pin6=PC6
Mcu.Pin7=PC7
Mcu.Pin8=PC9
Mcu.Pin9=PA8
Mcu.PinsNb=16
Mcu.UserConstants=
Mcu.UserName=STM32F746ZGTx
MxCube.Version=4.20.0
MxDb.Version=DB.4.0.200
NVIC.BusFault_IRQn=true\:0\:0\:false\:false\:true
NVIC.DebugMonitor_IRQn=true\:0\:0\:false\:false\:true
NVIC.EXTI2_IRQn=true\:1\:0\:true\:false\:true
NVIC.EXTI3_IRQn=true\:1\:0\:true\:false\:true
NVIC.EXTI9_5_IRQn=true\:1\:0\:true\:false\:true
NVIC.HardFault_IRQn=true\:0\:0\:false\:false\:true
NVIC.MemoryManagement_IRQn=true\:0\:0\:false\:false\:true
NVIC.NonMaskableInt_IRQn=true\:0\:0\:false\:false\:true
NVIC.PendSV_IRQn=true\:0\:0\:false\:false\:true
NVIC.PriorityGroup=NVIC_PRIORITYGROUP_4
NVIC.SVCall_IRQn=true\:0\:0\:false\:false\:true
NVIC.SysTick_IRQn=true\:0\:0\:false\:false\:true
NVIC.TIM3_IRQn=true\:4\:0\:true\:false\:true
NVIC.TIM4_IRQn=true\:4\:0\:true\:false\:true
NVIC.USART2_IRQn=true\:3\:0\:true\:false\:true
NVIC.USART6_IRQn=true\:2\:0\:true\:false\:true
NVIC.UsageFault_IRQn=true\:0\:0\:false\:false\:true
PA2.Locked=true
PA2.Signal=GPIO_Output
PA3.Mode=Asynchronous
PA3.Signal=USART2_RX
PA6.Locked=true
PA6.Signal=GPIO_Output
PA7.Locked=true
PA7.Signal=GPIO_Output
PA8.Mode=I2C
PA8.Signal=I2C3_SCL
PC2.Locked=true
PC2.Signal=GPXTI2
PC3.Locked=true
PC3.Signal=GPXTI3
PC6.Mode=Asynchronous
PC6.Signal=USART6_TX
PC7.Mode=Asynchronous
PC7.Signal=USART6_RX
PC9.Mode=I2C
PC9.Signal=I2C3_SDA
PCC.Checker=false
PCC.Line=STM32F7x6
PCC.MCU=STM32F746Z(E-G)Tx
PCC.MXVersion=4.20.0
PCC.PartNumber=STM32F746ZGTx
PCC.Seq0=0
PCC.Series=STM32F7
PCC.Temperature=25
PCC.Vdd=3.3
PD5.Mode=Asynchronous
PD5.Signal=USART2_TX
PD6.Locked=true
PD6.Signal=GPXTI6
PD7.Locked=true
PD7.Signal=GPXTI7
ProjectManager.AskForMigrate=true
ProjectManager.BackupPrevious=false
ProjectManager.CompilerOptimize=2
ProjectManager.ComputerToolchain=false
ProjectManager.CoupleFile=false
ProjectManager.CustomerFirmwarePackage=D\:/Program files/STM32/STM32Cube_FW_F1_V1.1.0/STM32Cube_FW_F7_V1.7.0
ProjectManager.DefaultFWLocation=true
ProjectManager.DeletePrevious=true
ProjectManager.DeviceId=STM32F746ZGTx
ProjectManager.FirmwarePackage=STM32Cube FW_F7 V1.7.0
ProjectManager.FreePins=false
ProjectManager.HalAssertFull=false
ProjectManager.HeapSize=0x200
ProjectManager.KeepUserCode=true
ProjectManager.LastFirmware=true
ProjectManager.LibraryCopy=0
ProjectManager.PreviousToolchain=
ProjectManager.ProjectBuild=false
ProjectManager.ProjectFileName=ctrl.ioc
ProjectManager.ProjectName=ctrl
ProjectManager.StackSize=0x400
ProjectManager.TargetToolchain=MDK-ARM V5
ProjectManager.ToolChainLocation=
ProjectManager.UnderRoot=false
ProjectManager.functionlistsort=1-MX_GPIO_Init-GPIO-false-HAL,2-SystemClock_Config-RCC-false-HAL,3-MX_TIM3_Init-TIM3-false-HAL,4-MX_USART2_UART_Init-USART2-false-HAL,5-MX_I2C3_Init-I2C3-false-HAL,6-MX_TIM4_Init-TIM4-false-HAL,7-MX_USART6_UART_Init-USART6-false-HAL
RCC.AHBCLKDivider=RCC_SYSCLK_DIV1
RCC.AHBFreq_Value=108000000
RCC.APB1CLKDivider=RCC_HCLK_DIV2
RCC.APB1Freq_Value=54000000
RCC.APB1TimFreq_Value=108000000
RCC.APB2CLKDivider=RCC_HCLK_DIV2
RCC.APB2Freq_Value=54000000
RCC.APB2TimFreq_Value=108000000
RCC.CECEnable=false
RCC.CECFreq_Value=32786.88524590164
RCC.ClockTypeHCLK=RCC_CLOCKTYPE_HCLK
RCC.ClockTypePCLK1=RCC_CLOCKTYPE_PCLK1
RCC.ClockTypePCLK2=RCC_CLOCKTYPE_PCLK2
RCC.ClockTypeSysClk=RCC_CLOCKTYPE_SYSCLK
RCC.CortexFreq_Value=108000000
RCC.EnableHSE=false
RCC.EnableHSERTCDevisor=false
RCC.EnableLSE=false
RCC.EnableLSERTC=false
RCC.EnbaleCSS=false
RCC.EthernetFreq_Value=108000000
RCC.ExtClockEnable=false
RCC.FCLKCortexFreq_Value=108000000
RCC.FamilyName=M
RCC.HCLKFreq_Value=108000000
RCC.HSEState=RCC_HSE_OFF
RCC.HSE_VALUE=25000000
RCC.HSIState=RCC_HSI_ON
RCC.HSI_VALUE=16000000
RCC.I2C1CLockSelection=RCC_I2C1CLKSOURCE_HSI
RCC.I2C1Enable=false
RCC.I2C1Freq_Value=16000000
RCC.I2C2Enable=false
RCC.I2C2Freq_Value=54000000
RCC.I2C3Enable=true
RCC.I2C3Freq_Value=54000000
RCC.I2C4Enable=false
RCC.I2C4Freq_Value=54000000
RCC.I2SEnable=false
RCC.I2SFreq_Value=192000000
RCC.IPParameters=AHBCLKDivider,AHBFreq_Value,APB1CLKDivider,APB1Freq_Value,APB1TimFreq_Value,APB2CLKDivider,APB2Freq_Value,APB2TimFreq_Value,CECEnable,CECFreq_Value,ClockTypeHCLK,ClockTypePCLK1,ClockTypePCLK2,ClockTypeSysClk,CortexFreq_Value,EnableHSE,EnableHSERTCDevisor,EnableLSE,EnableLSERTC,EnbaleCSS,EthernetFreq_Value,ExtClockEnable,FCLKCortexFreq_Value,FamilyName,HCLKFreq_Value,HSEState,HSE_VALUE,HSIState,HSI_VALUE,I2C1CLockSelection,I2C1Enable,I2C1Freq_Value,I2C2Enable,I2C2Freq_Value,I2C3Enable,I2C3Freq_Value,I2C4Enable,I2C4Freq_Value,I2SEnable,I2SFreq_Value,LCDEnable,LCDTFToutputFreq_Value,LPTIM1Enable,LPTIM1Freq_Value,LSE_VALUE,LSIState,LSI_VALUE,MCO1OutPutEnable,MCO2I2SEnable,MCO2OutPutEnable,MCO2PinFreq_Value,OscillatorTypeHSE,OscillatorTypeHSI,OscillatorTypeLSI,PLLCLKFreq_Value,PLLI2SPCLKFreq_Value,PLLI2SQCLKFreq_Value,PLLI2SRCLKFreq_Value,PLLI2SRoutputFreq_Value,PLLM,PLLN,PLLP,PLLQCLKFreq_Value,PLLQoutputFreq_Value,PLLSAIPCLKFreq_Value,PLLSAIQCLKFreq_Value,PLLSAIRCLKFreq_Value,PLLSAIoutputFreq_Value,PLLState,RCC_PERIPHCLK_I2C1Var,RCC_PERIPHCLK_I2C2Var,RCC_PERIPHCLK_I2C3Var,RCC_PERIPHCLK_UART4Var,RCC_PERIPHCLK_UART5Var,RCC_PERIPHCLK_UART7Var,RCC_PERIPHCLK_UART8Var,RCC_PERIPHCLK_USART1Var,RCC_PERIPHCLK_USART2Var,RCC_PERIPHCLK_USART3Var,RCC_PERIPHCLK_USART6Var,RNGFreq_Value,RTCEnable,SAI1Enable,SAI1Freq_Value,SAI2Enable,SAI2Freq_Value,SDMMCEnable,SDMMCFreq_Value,SPDIFEnable,SPDIFRXFreq_Value,SYSCLKFreq_VALUE,SYSCLKSource,UART4Enable,UART4Freq_Value,UART5Enable,UART5Freq_Value,UART7Enable,UART7Freq_Value,UART8Enable,UART8Freq_Value,USART1CLockSelection,USART1Enable,USART1Freq_Value,USART2Enable,USART2Freq_Value,USART3Enable,USART3Freq_Value,USART6Enable,USART6Freq_Value,USBEnable,USBFreq_Value,VCOI2SOutputFreq_Value,VCOInputFreq_Value,VCOOutputFreq_Value,VCOSAIOutputFreq_Value
RCC.LCDEnable=false
RCC.LCDTFToutputFreq_Value=96000000
RCC.LPTIM1Enable=false
RCC.LPTIM1Freq_Value=54000000
RCC.LSE_VALUE=32768
RCC.LSIState=RCC_LSI_OFF
RCC.LSI_VALUE=32000
RCC.MCO1OutPutEnable=false
RCC.MCO2I2SEnable=false
RCC.MCO2OutPutEnable=false
RCC.MCO2PinFreq_Value=108000000
RCC.OscillatorTypeHSE=
RCC.OscillatorTypeHSI=RCC_OSCILLATORTYPE_HSI
RCC.OscillatorTypeLSI=
RCC.PLLCLKFreq_Value=108000000
RCC.PLLI2SPCLKFreq_Value=192000000
RCC.PLLI2SQCLKFreq_Value=192000000
RCC.PLLI2SRCLKFreq_Value=192000000
RCC.PLLI2SRoutputFreq_Value=192000000
RCC.PLLM=8
RCC.PLLN=108
RCC.PLLP=RCC_PLLP_DIV2
RCC.PLLQCLKFreq_Value=108000000
RCC.PLLQoutputFreq_Value=108000000
RCC.PLLSAIPCLKFreq_Value=192000000
RCC.PLLSAIQCLKFreq_Value=192000000
RCC.PLLSAIRCLKFreq_Value=192000000
RCC.PLLSAIoutputFreq_Value=192000000
RCC.PLLState=RCC_PLL_ON
RCC.RCC_PERIPHCLK_I2C1Var=RCC_PERIPHCLK_I2C1
RCC.RCC_PERIPHCLK_I2C2Var=RCC_PERIPHCLK_I2C2
RCC.RCC_PERIPHCLK_I2C3Var=RCC_PERIPHCLK_I2C3
RCC.RCC_PERIPHCLK_UART4Var=RCC_PERIPHCLK_UART4
RCC.RCC_PERIPHCLK_UART5Var=RCC_PERIPHCLK_UART5
RCC.RCC_PERIPHCLK_UART7Var=RCC_PERIPHCLK_UART7
RCC.RCC_PERIPHCLK_UART8Var=RCC_PERIPHCLK_UART8
RCC.RCC_PERIPHCLK_USART1Var=RCC_PERIPHCLK_USART1
RCC.RCC_PERIPHCLK_USART2Var=RCC_PERIPHCLK_USART2
RCC.RCC_PERIPHCLK_USART3Var=RCC_PERIPHCLK_USART3
RCC.RCC_PERIPHCLK_USART6Var=RCC_PERIPHCLK_USART6
RCC.RNGFreq_Value=108000000
RCC.RTCEnable=false
RCC.SAI1Enable=false
RCC.SAI1Freq_Value=192000000
RCC.SAI2Enable=false
RCC.SAI2Freq_Value=192000000
RCC.SDMMCEnable=false
RCC.SDMMCFreq_Value=108000000
RCC.SPDIFEnable=false
RCC.SPDIFRXFreq_Value=192000000
RCC.SYSCLKFreq_VALUE=108000000
RCC.SYSCLKSource=RCC_SYSCLKSOURCE_PLLCLK
RCC.UART4Enable=false
RCC.UART4Freq_Value=54000000
RCC.UART5Enable=false
RCC.UART5Freq_Value=54000000
RCC.UART7Enable=false
RCC.UART7Freq_Value=54000000
RCC.UART8Enable=false
RCC.UART8Freq_Value=54000000
RCC.USART1CLockSelection=RCC_USART1CLKSOURCE_HSI
RCC.USART1Enable=false
RCC.USART1Freq_Value=16000000
RCC.USART2Enable=true
RCC.USART2Freq_Value=54000000
RCC.USART3Enable=false
RCC.USART3Freq_Value=54000000
RCC.USART6Enable=true
RCC.USART6Freq_Value=54000000
RCC.USBEnable=false
RCC.USBFreq_Value=108000000
RCC.VCOI2SOutputFreq_Value=384000000
RCC.VCOInputFreq_Value=2000000
RCC.VCOOutputFreq_Value=216000000
RCC.VCOSAIOutputFreq_Value=384000000
SH.GPXTI2.0=GPIO_EXTI2
SH.GPXTI2.ConfNb=1
SH.GPXTI3.0=GPIO_EXTI3
SH.GPXTI3.ConfNb=1
SH.GPXTI6.0=GPIO_EXTI6
SH.GPXTI6.ConfNb=1
SH.GPXTI7.0=GPIO_EXTI7
SH.GPXTI7.ConfNb=1
TIM3.IPParameters=Prescaler,Period
TIM3.Period=10000-1
TIM3.Prescaler=1080-1
USART2.HwFlowCtl-Asynchronous=UART_HWCONTROL_NONE
USART2.IPParameters=VirtualMode-Asynchronous,HwFlowCtl-Asynchronous
USART2.VirtualMode-Asynchronous=VM_ASYNC
USART6.HwFlowCtl-Asynchronous=UART_HWCONTROL_NONE
USART6.IPParameters=VirtualMode-Asynchronous,HwFlowCtl-Asynchronous
USART6.VirtualMode-Asynchronous=VM_ASYNC
VP_SYS_VS_Systick.Mode=SysTick
VP_SYS_VS_Systick.Signal=SYS_VS_Systick
VP_TIM3_VS_ClockSourceINT.Mode=Internal
VP_TIM3_VS_ClockSourceINT.Signal=TIM3_VS_ClockSourceINT
VP_TIM4_VS_ClockSourceINT.Mode=Internal
VP_TIM4_VS_ClockSourceINT.Signal=TIM4_VS_ClockSourceINT
board=ctrl
